<Solution>
  <Project Path="EcoTurismo.Api/EcoTurismo.Api.csproj" />
  <Project Path="EcoTurismo.Application/EcoTurismo.Application.csproj" />
  <Project Path="EcoTurismo.Domain/EcoTurismo.Domain.csproj" />
  <Project Path="EcoTurismo.Infra/EcoTurismo.Infra.csproj" />
  <Project Path="EcoTurismo.Tests/EcoTurismo.Tests.csproj" />
</Solution>
